
Microsoft Visual Studio Solution File, Format Version 12.00
# Visual Studio Version 16
VisualStudioVersion = 16.0.30621.155
MinimumVisualStudioVersion = 10.0.40219.1
Project("{2150E333-8FDC-42A3-9474-1A3956D46DE8}") = "src", "src", "{CE1F659A-3A8B-4EB4-97A1-0242BCEA1165}"
EndProject
Project("{2150E333-8FDC-42A3-9474-1A3956D46DE8}") = "test", "test", "{F29F833F-CDB3-4B27-BAFE-5167C2D46072}"
EndProject
Project("{FAE04EC0-301F-11D3-BF4B-00C04F79EFBC}") = "Scoring.Domain", "src\Scoring.Domain\Scoring.Domain.csproj", "{6DDB4C18-6F9F-4EE9-9041-D36118191320}"
EndProject
Project("{FAE04EC0-301F-11D3-BF4B-00C04F79EFBC}") = "Scoring.Domain.Tests.Unit", "test\Scoring.Domain.Tests.Unit\Scoring.Domain.Tests.Unit.csproj", "{AD4934B9-FB4D-466D-82FA-50740A36A261}"
EndProject
Global
	GlobalSection(SolutionConfigurationPlatforms) = preSolution
		Debug|Any CPU = Debug|Any CPU
		Release|Any CPU = Release|Any CPU
	EndGlobalSection
	GlobalSection(ProjectConfigurationPlatforms) = postSolution
		{6DDB4C18-6F9F-4EE9-9041-D36118191320}.Debug|Any CPU.ActiveCfg = Debug|Any CPU
		{6DDB4C18-6F9F-4EE9-9041-D36118191320}.Debug|Any CPU.Build.0 = Debug|Any CPU
		{6DDB4C18-6F9F-4EE9-9041-D36118191320}.Release|Any CPU.ActiveCfg = Release|Any CPU
		{6DDB4C18-6F9F-4EE9-9041-D36118191320}.Release|Any CPU.Build.0 = Release|Any CPU
		{AD4934B9-FB4D-466D-82FA-50740A36A261}.Debug|Any CPU.ActiveCfg = Debug|Any CPU
		{AD4934B9-FB4D-466D-82FA-50740A36A261}.Debug|Any CPU.Build.0 = Debug|Any CPU
		{AD4934B9-FB4D-466D-82FA-50740A36A261}.Release|Any CPU.ActiveCfg = Release|Any CPU
		{AD4934B9-FB4D-466D-82FA-50740A36A261}.Release|Any CPU.Build.0 = Release|Any CPU
	EndGlobalSection
	GlobalSection(SolutionProperties) = preSolution
		HideSolutionNode = FALSE
	EndGlobalSection
	GlobalSection(NestedProjects) = preSolution
		{6DDB4C18-6F9F-4EE9-9041-D36118191320} = {CE1F659A-3A8B-4EB4-97A1-0242BCEA1165}
		{AD4934B9-FB4D-466D-82FA-50740A36A261} = {F29F833F-CDB3-4B27-BAFE-5167C2D46072}
	EndGlobalSection
	GlobalSection(ExtensibilityGlobals) = postSolution
		SolutionGuid = {824AA48B-F1D8-4958-BCA5-815C36D764EF}
	EndGlobalSection
EndGlobal
